// !$*UTF8*$!
{
	archiveVersion = 1;
	classes = {
	};
	objectVersion = 50;
	objects = {

/* Begin PBXBuildFile section */
		1A87C6FC24BBE80700BD3A95 /* AppDelegate.swift in Sources */ = {isa = PBXBuildFile; fileRef = 1A87C6FB24BBE80700BD3A95 /* AppDelegate.swift */; };
		1A87C6FE24BBE80700BD3A95 /* SceneDelegate.swift in Sources */ = {isa = PBXBuildFile; fileRef = 1A87C6FD24BBE80700BD3A95 /* SceneDelegate.swift */; };
		1A87C70024BBE80700BD3A95 /* WeatherViewController.swift in Sources */ = {isa = PBXBuildFile; fileRef = 1A87C6FF24BBE80700BD3A95 /* WeatherViewController.swift */; };
		1A87C70324BBE80700BD3A95 /* Main.storyboard in Resources */ = {isa = PBXBuildFile; fileRef = 1A87C70124BBE80700BD3A95 /* Main.storyboard */; };
		1A87C70524BBE80D00BD3A95 /* Assets.xcassets in Resources */ = {isa = PBXBuildFile; fileRef = 1A87C70424BBE80D00BD3A95 /* Assets.xcassets */; };
		1A87C70824BBE80D00BD3A95 /* LaunchScreen.storyboard in Resources */ = {isa = PBXBuildFile; fileRef = 1A87C70624BBE80D00BD3A95 /* LaunchScreen.storyboard */; };
		1A87C71324BBE8A500BD3A95 /* WeatherManager.swift in Sources */ = {isa = PBXBuildFile; fileRef = 1A87C71224BBE8A500BD3A95 /* WeatherManager.swift */; };
		1A87C71524BBE8B200BD3A95 /* WeatherData.swift in Sources */ = {isa = PBXBuildFile; fileRef = 1A87C71424BBE8B200BD3A95 /* WeatherData.swift */; };
		1A87C71824BBE8C500BD3A95 /* WeatherModel.swift in Sources */ = {isa = PBXBuildFile; fileRef = 1A87C71724BBE8C500BD3A95 /* WeatherModel.swift */; };
/* End PBXBuildFile section */

/* Begin PBXFileReference section */
		1A87C6F824BBE80700BD3A95 /* WeatherTech.app */ = {isa = PBXFileReference; explicitFileType = wrapper.application; includeInIndex = 0; path = WeatherTech.app; sourceTree = BUILT_PRODUCTS_DIR; };
		1A87C6FB24BBE80700BD3A95 /* AppDelegate.swift */ = {isa = PBXFileReference; lastKnownFileType = sourcecode.swift; path = AppDelegate.swift; sourceTree = "<group>"; };
		1A87C6FD24BBE80700BD3A95 /* SceneDelegate.swift */ = {isa = PBXFileReference; lastKnownFileType = sourcecode.swift; path = SceneDelegate.swift; sourceTree = "<group>"; };
		1A87C6FF24BBE80700BD3A95 /* WeatherViewController.swift */ = {isa = PBXFileReference; lastKnownFileType = sourcecode.swift; path = WeatherViewController.swift; sourceTree = "<group>"; };
		1A87C70224BBE80700BD3A95 /* Base */ = {isa = PBXFileReference; lastKnownFileType = file.storyboard; name = Base; path = Base.lproj/Main.storyboard; sourceTree = "<group>"; };
		1A87C70424BBE80D00BD3A95 /* Assets.xcassets */ = {isa = PBXFileReference; lastKnownFileType = folder.assetcatalog; path = Assets.xcassets; sourceTree = "<group>"; };
		1A87C70724BBE80D00BD3A95 /* Base */ = {isa = PBXFileReference; lastKnownFileType = file.storyboard; name = Base; path = Base.lproj/LaunchScreen.storyboard; sourceTree = "<group>"; };
		1A87C70924BBE80D00BD3A95 /* Info.plist */ = {isa = PBXFileReference; lastKnownFileType = text.plist.xml; path = Info.plist; sourceTree = "<group>"; };
		1A87C71224BBE8A500BD3A95 /* WeatherManager.swift */ = {isa = PBXFileReference; lastKnownFileType = sourcecode.swift; path = WeatherManager.swift; sourceTree = "<group>"; };
		1A87C71424BBE8B200BD3A95 /* WeatherData.swift */ = {isa = PBXFileReference; lastKnownFileType = sourcecode.swift; path = WeatherData.swift; sourceTree = "<group>"; };
		1A87C71724BBE8C500BD3A95 /* WeatherModel.swift */ = {isa = PBXFileReference; lastKnownFileType = sourcecode.swift; path = WeatherModel.swift; sourceTree = "<group>"; };
/* End PBXFileReference section */

/* Begin PBXFrameworksBuildPhase section */
		1A87C6F524BBE80700BD3A95 /* Frameworks */ = {
			isa = PBXFrameworksBuildPhase;
			buildActionMask = 2147483647;
			files = (
			);
			runOnlyForDeploymentPostprocessing = 0;
		};
/* End PBXFrameworksBuildPhase section */

/* Begin PBXGroup section */
		1A87C6EF24BBE80700BD3A95 = {
			isa = PBXGroup;
			children = (
				1A87C6FA24BBE80700BD3A95 /* WeatherTech */,
				1A87C6F924BBE80700BD3A95 /* Products */,
			);
			sourceTree = "<group>";
		};
		1A87C6F924BBE80700BD3A95 /* Products */ = {
			isa = PBXGroup;
			children = (
				1A87C6F824BBE80700BD3A95 /* WeatherTech.app */,
			);
			name = Products;
			sourceTree = "<group>";
		};
		1A87C6FA24BBE80700BD3A95 /* WeatherTech */ = {
			isa = PBXGroup;
			children = (
				1A87C6FB24BBE80700BD3A95 /* AppDelegate.swift */,
				1A87C6FD24BBE80700BD3A95 /* SceneDelegate.swift */,
				1A87C70F24BBE87300BD3A95 /* Model */,
				1A87C71024BBE88100BD3A95 /* View */,
				1A87C71124BBE88C00BD3A95 /* Controller */,
				1A87C70424BBE80D00BD3A95 /* Assets.xcassets */,
				1A87C70624BBE80D00BD3A95 /* LaunchScreen.storyboard */,
				1A87C70924BBE80D00BD3A95 /* Info.plist */,
			);
			path = WeatherTech;
			sourceTree = "<group>";
		};
		1A87C70F24BBE87300BD3A95 /* Model */ = {
			isa = PBXGroup;
			children = (
				1A87C71224BBE8A500BD3A95 /* WeatherManager.swift */,
				1A87C71424BBE8B200BD3A95 /* WeatherData.swift */,
				1A87C71724BBE8C500BD3A95 /* WeatherModel.swift */,
			);
			path = Model;
			sourceTree = "<group>";
		};
		1A87C71024BBE88100BD3A95 /* View */ = {
			isa = PBXGroup;
			children = (
				1A87C70124BBE80700BD3A95 /* Main.storyboard */,
			);
			path = View;
			sourceTree = "<group>";
		};
		1A87C71124BBE88C00BD3A95 /* Controller */ = {
			isa = PBXGroup;
			children = (
				1A87C6FF24BBE80700BD3A95 /* WeatherViewController.swift */,
			);
			path = Controller;
			sourceTree = "<group>";
		};
/* End PBXGroup section */

/* Begin PBXNativeTarget section */
		1A87C6F724BBE80700BD3A95 /* WeatherTech */ = {
			isa = PBXNativeTarget;
			buildConfigurationList = 1A87C70C24BBE80D00BD3A95 /* Build configuration list for PBXNativeTarget "WeatherTech" */;
			buildPhases = (
				1A87C6F424BBE80700BD3A95 /* Sources */,
				1A87C6F524BBE80700BD3A95 /* Frameworks */,
				1A87C6F624BBE80700BD3A95 /* Resources */,
			);
			buildRules = (
			);
			dependencies = (
			);
			name = WeatherTech;
			productName = WeatherTech;
			productReference = 1A87C6F824BBE80700BD3A95 /* WeatherTech.app */;
			productType = "com.apple.product-type.application";
		};
/* End PBXNativeTarget section */

/* Begin PBXProject section */
		1A87C6F024BBE80700BD3A95 /* Project object */ = {
			isa = PBXProject;
			attributes = {
				LastSwiftUpdateCheck = 1150;
				LastUpgradeCheck = 1150;
				ORGANIZATIONNAME = "Dicoding Indonesia";
				TargetAttributes = {
					1A87C6F724BBE80700BD3A95 = {
						CreatedOnToolsVersion = 11.5;
					};
				};
			};
			buildConfigurationList = 1A87C6F324BBE80700BD3A95 /* Build configuration list for PBXProject "WeatherTech" */;
			compatibilityVersion = "Xcode 9.3";
			developmentRegion = en;
			hasScannedForEncodings = 0;
			knownRegions = (
				en,
				Base,
			);
			mainGroup = 1A87C6EF24BBE80700BD3A95;
			productRefGroup = 1A87C6F924BBE80700BD3A95 /* Products */;
			projectDirPath = "";
			projectRoot = "";
			targets = (
				1A87C6F724BBE80700BD3A95 /* WeatherTech */,
			);
		};
/* End PBXProject section */

/* Begin PBXResourcesBuildPhase section */
		1A87C6F624BBE80700BD3A95 /* Resources */ = {
			isa = PBXResourcesBuildPhase;
			buildActionMask = 2147483647;
			files = (
				1A87C70824BBE80D00BD3A95 /* LaunchScreen.storyboard in Resources */,
				1A87C70524BBE80D00BD3A95 /* Assets.xcassets in Resources */,
				1A87C70324BBE80700BD3A95 /* Main.storyboard in Resources */,
			);
			runOnlyForDeploymentPostprocessing = 0;
		};
/* End PBXResourcesBuildPhase section */

/* Begin PBXSourcesBuildPhase section */
		1A87C6F424BBE80700BD3A95 /* Sources */ = {
			isa = PBXSourcesBuildPhase;
			buildActionMask = 2147483647;
			files = (
				1A87C70024BBE80700BD3A95 /* WeatherViewController.swift in Sources */,
				1A87C71524BBE8B200BD3A95 /* WeatherData.swift in Sources */,
				1A87C6FC24BBE80700BD3A95 /* AppDelegate.swift in Sources */,
				1A87C71324BBE8A500BD3A95 /* WeatherManager.swift in Sources */,
				1A87C71824BBE8C500BD3A95 /* WeatherModel.swift in Sources */,
				1A87C6FE24BBE80700BD3A95 /* SceneDelegate.swift in Sources */,
			);
			runOnlyForDeploymentPostprocessing = 0;
		};
/* End PBXSourcesBuildPhase section */

/* Begin PBXVariantGroup section */
		1A87C70124BBE80700BD3A95 /* Main.storyboard */ = {
			isa = PBXVariantGroup;
			children = (
				1A87C70224BBE80700BD3A95 /* Base */,
			);
			name = Main.storyboard;
			sourceTree = "<group>";
		};
		1A87C70624BBE80D00BD3A95 /* LaunchScreen.storyboard */ = {
			isa = PBXVariantGroup;
			children = (
				1A87C70724BBE80D00BD3A95 /* Base */,
			);
			name = LaunchScreen.storyboard;
			sourceTree = "<group>";
		};
/* End PBXVariantGroup section */

/* Begin XCBuildConfiguration section */
		1A87C70A24BBE80D00BD3A95 /* Debug */ = {
			isa = XCBuildConfiguration;
			buildSettings = {
				ALWAYS_SEARCH_USER_PATHS = NO;
				CLANG_ANALYZER_NONNULL = YES;
				CLANG_ANALYZER_NUMBER_OBJECT_CONVERSION = YES_AGGRESSIVE;
				CLANG_CXX_LANGUAGE_STANDARD = "gnu++14";
				CLANG_CXX_LIBRARY = "libc++";
				CLANG_ENABLE_MODULES = YES;
				CLANG_ENABLE_OBJC_ARC = YES;
				CLANG_ENABLE_OBJC_WEAK = YES;
				CLANG_WARN_BLOCK_CAPTURE_AUTORELEASING = YES;
				CLANG_WARN_BOOL_CONVERSION = YES;
				CLANG_WARN_COMMA = YES;
				CLANG_WARN_CONSTANT_CONVERSION = YES;
				CLANG_WARN_DEPRECATED_OBJC_IMPLEMENTATIONS = YES;
				CLANG_WARN_DIRECT_OBJC_ISA_USAGE = YES_ERROR;
				CLANG_WARN_DOCUMENTATION_COMMENTS = YES;
				CLANG_WARN_EMPTY_BODY = YES;
				CLANG_WARN_ENUM_CONVERSION = YES;
				CLANG_WARN_INFINITE_RECURSION = YES;
				CLANG_WARN_INT_CONVERSION = YES;
				CLANG_WARN_NON_LITERAL_NULL_CONVERSION = YES;
				CLANG_WARN_OBJC_IMPLICIT_RETAIN_SELF = YES;
				CLANG_WARN_OBJC_LITERAL_CONVERSION = YES;
				CLANG_WARN_OBJC_ROOT_CLASS = YES_ERROR;
				CLANG_WARN_RANGE_LOOP_ANALYSIS = YES;
				CLANG_WARN_STRICT_PROTOTYPES = YES;
				CLANG_WARN_SUSPICIOUS_MOVE = YES;
				CLANG_WARN_UNGUARDED_AVAILABILITY = YES_AGGRESSIVE;
				CLANG_WARN_UNREACHABLE_CODE = YES;
				CLANG_WARN__DUPLICATE_METHOD_MATCH = YES;
				COPY_PHASE_STRIP = NO;
				DEBUG_INFORMATION_FORMAT = dwarf;
				ENABLE_STRICT_OBJC_MSGSEND = YES;
				ENABLE_TESTABILITY = YES;
				GCC_C_LANGUAGE_STANDARD = gnu11;
				GCC_DYNAMIC_NO_PIC = NO;
				GCC_NO_COMMON_BLOCKS = YES;
				GCC_OPTIMIZATION_LEVEL = 0;
				GCC_PREPROCESSOR_DEFINITIONS = (
					"DEBUG=1",
					"$(inherited)",
				);
				GCC_WARN_64_TO_32_BIT_CONVERSION = YES;
				GCC_WARN_ABOUT_RETURN_TYPE = YES_ERROR;
				GCC_WARN_UNDECLARED_SELECTOR = YES;
				GCC_WARN_UNINITIALIZED_AUTOS = YES_AGGRESSIVE;
				GCC_WARN_UNUSED_FUNCTION = YES;
				GCC_WARN_UNUSED_VARIABLE = YES;
				IPHONEOS_DEPLOYMENT_TARGET = 13.5;
				MTL_ENABLE_DEBUG_INFO = INCLUDE_SOURCE;
				MTL_FAST_MATH = YES;
				ONLY_ACTIVE_ARCH = YES;
				SDKROOT = iphoneos;
				SWIFT_ACTIVE_COMPILATION_CONDITIONS = DEBUG;
				SWIFT_OPTIMIZATION_LEVEL = "-Onone";
			};
			name = Debug;
		};
		1A87C70B24BBE80D00BD3A95 /* Release */ = {
			isa = XCBuildConfiguration;
			buildSettings = {
				ALWAYS_SEARCH_USER_PATHS = NO;
				CLANG_ANALYZER_NONNULL = YES;
				CLANG_ANALYZER_NUMBER_OBJECT_CONVERSION = YES_AGGRESSIVE;
				CLANG_CXX_LANGUAGE_STANDARD = "gnu++14";
				CLANG_CXX_LIBRARY = "libc++";
				CLANG_ENABLE_MODULES = YES;
				CLANG_ENABLE_OBJC_ARC = YES;
				CLANG_ENABLE_OBJC_WEAK = YES;
				CLANG_WARN_BLOCK_CAPTURE_AUTORELEASING = YES;
				CLANG_WARN_BOOL_CONVERSION = YES;
				CLANG_WARN_COMMA = YES;
				CLANG_WARN_CONSTANT_CONVERSION = YES;
				CLANG_WARN_DEPRECATED_OBJC_IMPLEMENTATIONS = YES;
				CLANG_WARN_DIRECT_OBJC_ISA_USAGE = YES_ERROR;
				CLANG_WARN_DOCUMENTATION_COMMENTS = YES;
				CLANG_WARN_EMPTY_BODY = YES;
				CLANG_WARN_ENUM_CONVERSION = YES;
				CLANG_WARN_INFINITE_RECURSION = YES;
				CLANG_WARN_INT_CONVERSION = YES;
				CLANG_WARN_NON_LITERAL_NULL_CONVERSION = YES;
				CLANG_WARN_OBJC_IMPLICIT_RETAIN_SELF = YES;
				CLANG_WARN_OBJC_LITERAL_CONVERSION = YES;
				CLANG_WARN_OBJC_ROOT_CLASS = YES_ERROR;
				CLANG_WARN_RANGE_LOOP_ANALYSIS = YES;
				CLANG_WARN_STRICT_PROTOTYPES = YES;
				CLANG_WARN_SUSPICIOUS_MOVE = YES;
				CLANG_WARN_UNGUARDED_AVAILABILITY = YES_AGGRESSIVE;
				CLANG_WARN_UNREACHABLE_CODE = YES;
				CLANG_WARN__DUPLICATE_METHOD_MATCH = YES;
				COPY_PHASE_STRIP = NO;
				DEBUG_INFORMATION_FORMAT = "dwarf-with-dsym";
				ENABLE_NS_ASSERTIONS = NO;
				ENABLE_STRICT_OBJC_MSGSEND = YES;
				GCC_C_LANGUAGE_STANDARD = gnu11;
				GCC_NO_COMMON_BLOCKS = YES;
				GCC_WARN_64_TO_32_BIT_CONVERSION = YES;
				GCC_WARN_ABOUT_RETURN_TYPE = YES_ERROR;
				GCC_WARN_UNDECLARED_SELECTOR = YES;
				GCC_WARN_UNINITIALIZED_AUTOS = YES_AGGRESSIVE;
				GCC_WARN_UNUSED_FUNCTION = YES;
				GCC_WARN_UNUSED_VARIABLE = YES;
				IPHONEOS_DEPLOYMENT_TARGET = 13.5;
				MTL_ENABLE_DEBUG_INFO = NO;
				MTL_FAST_MATH = YES;
				SDKROOT = iphoneos;
				SWIFT_COMPILATION_MODE = wholemodule;
				SWIFT_OPTIMIZATION_LEVEL = "-O";
				VALIDATE_PRODUCT = YES;
			};
			name = Release;
		};
		1A87C70D24BBE80D00BD3A95 /* Debug */ = {
			isa = XCBuildConfiguration;
			buildSettings = {
				ASSETCATALOG_COMPILER_APPICON_NAME = AppIcon;
				CODE_SIGN_STYLE = Automatic;
				DEVELOPMENT_TEAM = F4WGQJT768;
				INFOPLIST_FILE = WeatherTech/Info.plist;
				LD_RUNPATH_SEARCH_PATHS = (
					"$(inherited)",
					"@executable_path/Frameworks",
				);
				PRODUCT_BUNDLE_IDENTIFIER = com.dicoding.academy.WeatherTech;
				PRODUCT_NAME = "$(TARGET_NAME)";
				SWIFT_VERSION = 5.0;
				TARGETED_DEVICE_FAMILY = "1,2";
			};
			name = Debug;
		};
		1A87C70E24BBE80D00BD3A95 /* Release */ = {
			isa = XCBuildConfiguration;
			buildSettings = {
				ASSETCATALOG_COMPILER_APPICON_NAME = AppIcon;
				CODE_SIGN_STYLE = Automatic;
				DEVELOPMENT_TEAM = F4WGQJT768;
				INFOPLIST_FILE = WeatherTech/Info.plist;
				LD_RUNPATH_SEARCH_PATHS = (
					"$(inherited)",
					"@executable_path/Frameworks",
				);
				PRODUCT_BUNDLE_IDENTIFIER = com.dicoding.academy.WeatherTech;
				PRODUCT_NAME = "$(TARGET_NAME)";
				SWIFT_VERSION = 5.0;
				TARGETED_DEVICE_FAMILY = "1,2";
			};
			name = Release;
		};
/* End XCBuildConfiguration section */

/* Begin XCConfigurationList section */
		1A87C6F324BBE80700BD3A95 /* Build configuration list for PBXProject "WeatherTech" */ = {
			isa = XCConfigurationList;
			buildConfigurations = (
				1A87C70A24BBE80D00BD3A95 /* Debug */,
				1A87C70B24BBE80D00BD3A95 /* Release */,
			);
			defaultConfigurationIsVisible = 0;
			defaultConfigurationName = Release;
		};
		1A87C70C24BBE80D00BD3A95 /* Build configuration list for PBXNativeTarget "WeatherTech" */ = {
			isa = XCConfigurationList;
			buildConfigurations = (
				1A87C70D24BBE80D00BD3A95 /* Debug */,
				1A87C70E24BBE80D00BD3A95 /* Release */,
			);
			defaultConfigurationIsVisible = 0;
			defaultConfigurationName = Release;
		};
/* End XCConfigurationList section */
	};
	rootObject = 1A87C6F024BBE80700BD3A95 /* Project object */;
}
